// !$*UTF8*$!
{
	archiveVersion = 1;
	classes = {
	};
	objectVersion = 51;
	objects = {

/* Begin PBXBuildFile section */
		110D81602546918A00ABF35B /* LoginController.swift in Sources */ = {isa = PBXBuildFile; fileRef = 110D815F2546918A00ABF35B /* LoginController.swift */; };
		110D81652546919700ABF35B /* RegistrationController.swift in Sources */ = {isa = PBXBuildFile; fileRef = 110D81642546919700ABF35B /* RegistrationController.swift */; };
		110D81682546940F00ABF35B /* Extensions.swift in Sources */ = {isa = PBXBuildFile; fileRef = 110D81672546940F00ABF35B /* Extensions.swift */; };
		116F620A2543A98A008F487B /* AppDelegate.swift in Sources */ = {isa = PBXBuildFile; fileRef = 116F62092543A98A008F487B /* AppDelegate.swift */; };
		116F620C2543A98A008F487B /* SceneDelegate.swift in Sources */ = {isa = PBXBuildFile; fileRef = 116F620B2543A98A008F487B /* SceneDelegate.swift */; };
		116F620E2543A98A008F487B /* ViewController.swift in Sources */ = {isa = PBXBuildFile; fileRef = 116F620D2543A98A008F487B /* ViewController.swift */; };
		116F62112543A98A008F487B /* Main.storyboard in Resources */ = {isa = PBXBuildFile; fileRef = 116F620F2543A98A008F487B /* Main.storyboard */; };
		116F62132543A98C008F487B /* Assets.xcassets in Resources */ = {isa = PBXBuildFile; fileRef = 116F62122543A98C008F487B /* Assets.xcassets */; };
		116F62162543A98C008F487B /* LaunchScreen.storyboard in Resources */ = {isa = PBXBuildFile; fileRef = 116F62142543A98C008F487B /* LaunchScreen.storyboard */; };
		116F62262543AA5B008F487B /* MainTabController.swift in Sources */ = {isa = PBXBuildFile; fileRef = 116F62252543AA5B008F487B /* MainTabController.swift */; };
		116F622A2543AB6A008F487B /* FeedController.swift in Sources */ = {isa = PBXBuildFile; fileRef = 116F62292543AB6A008F487B /* FeedController.swift */; };
		116F622D2543AB70008F487B /* SearchController.swift in Sources */ = {isa = PBXBuildFile; fileRef = 116F622C2543AB70008F487B /* SearchController.swift */; };
		116F62302543AB7A008F487B /* ImageSelectorController.swift in Sources */ = {isa = PBXBuildFile; fileRef = 116F622F2543AB7A008F487B /* ImageSelectorController.swift */; };
		116F62332543AB86008F487B /* NotificationsController.swift in Sources */ = {isa = PBXBuildFile; fileRef = 116F62322543AB86008F487B /* NotificationsController.swift */; };
		116F62362543AB8F008F487B /* ProfileController.swift in Sources */ = {isa = PBXBuildFile; fileRef = 116F62352543AB8F008F487B /* ProfileController.swift */; };
		116F62392543D040008F487B /* FeedCell.swift in Sources */ = {isa = PBXBuildFile; fileRef = 116F62382543D040008F487B /* FeedCell.swift */; };
		118E6462254910D30070DA03 /* CustomTextField.swift in Sources */ = {isa = PBXBuildFile; fileRef = 118E6461254910D30070DA03 /* CustomTextField.swift */; };
		118E64682549362A0070DA03 /* AuthenticationViewModel.swift in Sources */ = {isa = PBXBuildFile; fileRef = 118E64672549362A0070DA03 /* AuthenticationViewModel.swift */; };
		11994A69254BA9EB002C26A6 /* GoogleService-Info.plist in Resources */ = {isa = PBXBuildFile; fileRef = 11994A68254BA9EB002C26A6 /* GoogleService-Info.plist */; };
		11994A90254BAD32002C26A6 /* ImageUploader.swift in Sources */ = {isa = PBXBuildFile; fileRef = 11994A8F254BAD32002C26A6 /* ImageUploader.swift */; };
		11994A93254BAD3A002C26A6 /* AuthService.swift in Sources */ = {isa = PBXBuildFile; fileRef = 11994A92254BAD3A002C26A6 /* AuthService.swift */; };
		11994A96254BBDE6002C26A6 /* ProfileCell.swift in Sources */ = {isa = PBXBuildFile; fileRef = 11994A95254BBDE6002C26A6 /* ProfileCell.swift */; };
		11994A99254BBDEF002C26A6 /* ProfileHeader.swift in Sources */ = {isa = PBXBuildFile; fileRef = 11994A98254BBDEF002C26A6 /* ProfileHeader.swift */; };
		11C23D74254CFD3600F90700 /* UserService.swift in Sources */ = {isa = PBXBuildFile; fileRef = 11C23D73254CFD3600F90700 /* UserService.swift */; };
		11C23D77254CFD6500F90700 /* Constants.swift in Sources */ = {isa = PBXBuildFile; fileRef = 11C23D76254CFD6500F90700 /* Constants.swift */; };
		11C23D7A254CFED000F90700 /* User.swift in Sources */ = {isa = PBXBuildFile; fileRef = 11C23D79254CFED000F90700 /* User.swift */; };
		11C23D7D254D02BE00F90700 /* ProfileHeaderViewModel.swift in Sources */ = {isa = PBXBuildFile; fileRef = 11C23D7C254D02BE00F90700 /* ProfileHeaderViewModel.swift */; };
		4130145534A763E3A890854F /* Pods_Instagram_MVVM.framework in Frameworks */ = {isa = PBXBuildFile; fileRef = 81D73EFBCE6A62A724CC46B0 /* Pods_Instagram_MVVM.framework */; };
/* End PBXBuildFile section */

/* Begin PBXFileReference section */
		110D815F2546918A00ABF35B /* LoginController.swift */ = {isa = PBXFileReference; lastKnownFileType = sourcecode.swift; path = LoginController.swift; sourceTree = "<group>"; };
		110D81642546919700ABF35B /* RegistrationController.swift */ = {isa = PBXFileReference; lastKnownFileType = sourcecode.swift; path = RegistrationController.swift; sourceTree = "<group>"; };
		110D81672546940F00ABF35B /* Extensions.swift */ = {isa = PBXFileReference; fileEncoding = 4; lastKnownFileType = sourcecode.swift; path = Extensions.swift; sourceTree = "<group>"; };
		116F62062543A98A008F487B /* Instagram-MVVM.app */ = {isa = PBXFileReference; explicitFileType = wrapper.application; includeInIndex = 0; path = "Instagram-MVVM.app"; sourceTree = BUILT_PRODUCTS_DIR; };
		116F62092543A98A008F487B /* AppDelegate.swift */ = {isa = PBXFileReference; lastKnownFileType = sourcecode.swift; path = AppDelegate.swift; sourceTree = "<group>"; };
		116F620B2543A98A008F487B /* SceneDelegate.swift */ = {isa = PBXFileReference; lastKnownFileType = sourcecode.swift; path = SceneDelegate.swift; sourceTree = "<group>"; };
		116F620D2543A98A008F487B /* ViewController.swift */ = {isa = PBXFileReference; lastKnownFileType = sourcecode.swift; path = ViewController.swift; sourceTree = "<group>"; };
		116F62102543A98A008F487B /* Base */ = {isa = PBXFileReference; lastKnownFileType = file.storyboard; name = Base; path = Base.lproj/Main.storyboard; sourceTree = "<group>"; };
		116F62122543A98C008F487B /* Assets.xcassets */ = {isa = PBXFileReference; lastKnownFileType = folder.assetcatalog; path = Assets.xcassets; sourceTree = "<group>"; };
		116F62152543A98C008F487B /* Base */ = {isa = PBXFileReference; lastKnownFileType = file.storyboard; name = Base; path = Base.lproj/LaunchScreen.storyboard; sourceTree = "<group>"; };
		116F62172543A98C008F487B /* Info.plist */ = {isa = PBXFileReference; lastKnownFileType = text.plist.xml; path = Info.plist; sourceTree = "<group>"; };
		116F62252543AA5B008F487B /* MainTabController.swift */ = {isa = PBXFileReference; lastKnownFileType = sourcecode.swift; path = MainTabController.swift; sourceTree = "<group>"; };
		116F62292543AB6A008F487B /* FeedController.swift */ = {isa = PBXFileReference; lastKnownFileType = sourcecode.swift; path = FeedController.swift; sourceTree = "<group>"; };
		116F622C2543AB70008F487B /* SearchController.swift */ = {isa = PBXFileReference; lastKnownFileType = sourcecode.swift; path = SearchController.swift; sourceTree = "<group>"; };
		116F622F2543AB7A008F487B /* ImageSelectorController.swift */ = {isa = PBXFileReference; lastKnownFileType = sourcecode.swift; path = ImageSelectorController.swift; sourceTree = "<group>"; };
		116F62322543AB86008F487B /* NotificationsController.swift */ = {isa = PBXFileReference; lastKnownFileType = sourcecode.swift; path = NotificationsController.swift; sourceTree = "<group>"; };
		116F62352543AB8F008F487B /* ProfileController.swift */ = {isa = PBXFileReference; lastKnownFileType = sourcecode.swift; path = ProfileController.swift; sourceTree = "<group>"; };
		116F62382543D040008F487B /* FeedCell.swift */ = {isa = PBXFileReference; lastKnownFileType = sourcecode.swift; path = FeedCell.swift; sourceTree = "<group>"; };
		118E6461254910D30070DA03 /* CustomTextField.swift */ = {isa = PBXFileReference; lastKnownFileType = sourcecode.swift; path = CustomTextField.swift; sourceTree = "<group>"; };
		118E64672549362A0070DA03 /* AuthenticationViewModel.swift */ = {isa = PBXFileReference; lastKnownFileType = sourcecode.swift; path = AuthenticationViewModel.swift; sourceTree = "<group>"; };
		11994A68254BA9EB002C26A6 /* GoogleService-Info.plist */ = {isa = PBXFileReference; fileEncoding = 4; lastKnownFileType = text.plist.xml; path = "GoogleService-Info.plist"; sourceTree = "<group>"; };
		11994A8F254BAD32002C26A6 /* ImageUploader.swift */ = {isa = PBXFileReference; lastKnownFileType = sourcecode.swift; path = ImageUploader.swift; sourceTree = "<group>"; };
		11994A92254BAD3A002C26A6 /* AuthService.swift */ = {isa = PBXFileReference; lastKnownFileType = sourcecode.swift; path = AuthService.swift; sourceTree = "<group>"; };
		11994A95254BBDE6002C26A6 /* ProfileCell.swift */ = {isa = PBXFileReference; lastKnownFileType = sourcecode.swift; path = ProfileCell.swift; sourceTree = "<group>"; };
		11994A98254BBDEF002C26A6 /* ProfileHeader.swift */ = {isa = PBXFileReference; lastKnownFileType = sourcecode.swift; path = ProfileHeader.swift; sourceTree = "<group>"; };
		11C23D73254CFD3600F90700 /* UserService.swift */ = {isa = PBXFileReference; lastKnownFileType = sourcecode.swift; path = UserService.swift; sourceTree = "<group>"; };
		11C23D76254CFD6500F90700 /* Constants.swift */ = {isa = PBXFileReference; lastKnownFileType = sourcecode.swift; path = Constants.swift; sourceTree = "<group>"; };
		11C23D79254CFED000F90700 /* User.swift */ = {isa = PBXFileReference; lastKnownFileType = sourcecode.swift; path = User.swift; sourceTree = "<group>"; };
		11C23D7C254D02BE00F90700 /* ProfileHeaderViewModel.swift */ = {isa = PBXFileReference; lastKnownFileType = sourcecode.swift; path = ProfileHeaderViewModel.swift; sourceTree = "<group>"; };
		81D73EFBCE6A62A724CC46B0 /* Pods_Instagram_MVVM.framework */ = {isa = PBXFileReference; explicitFileType = wrapper.framework; includeInIndex = 0; path = Pods_Instagram_MVVM.framework; sourceTree = BUILT_PRODUCTS_DIR; };
		86BA7882F3585CB04A63CF05 /* Pods-Instagram-MVVM.release.xcconfig */ = {isa = PBXFileReference; includeInIndex = 1; lastKnownFileType = text.xcconfig; name = "Pods-Instagram-MVVM.release.xcconfig"; path = "Target Support Files/Pods-Instagram-MVVM/Pods-Instagram-MVVM.release.xcconfig"; sourceTree = "<group>"; };
		F640FCD4E3AC3B9F02A138E7 /* Pods-Instagram-MVVM.debug.xcconfig */ = {isa = PBXFileReference; includeInIndex = 1; lastKnownFileType = text.xcconfig; name = "Pods-Instagram-MVVM.debug.xcconfig"; path = "Target Support Files/Pods-Instagram-MVVM/Pods-Instagram-MVVM.debug.xcconfig"; sourceTree = "<group>"; };
/* End PBXFileReference section */

/* Begin PBXFrameworksBuildPhase section */
		116F62032543A98A008F487B /* Frameworks */ = {
			isa = PBXFrameworksBuildPhase;
			buildActionMask = 2147483647;
			files = (
				4130145534A763E3A890854F /* Pods_Instagram_MVVM.framework in Frameworks */,
			);
			runOnlyForDeploymentPostprocessing = 0;
		};
/* End PBXFrameworksBuildPhase section */

/* Begin PBXGroup section */
		110D815E2546917B00ABF35B /* Authentication */ = {
			isa = PBXGroup;
			children = (
				110D815F2546918A00ABF35B /* LoginController.swift */,
				110D81642546919700ABF35B /* RegistrationController.swift */,
			);
			path = Authentication;
			sourceTree = "<group>";
		};
		116F61FD2543A98A008F487B = {
			isa = PBXGroup;
			children = (
				116F62082543A98A008F487B /* Instagram-MVVM */,
				116F62072543A98A008F487B /* Products */,
				5FC7E85333CA150E1D559518 /* Pods */,
				F6D8BB1E970A0A897422E1B3 /* Frameworks */,
			);
			sourceTree = "<group>";
		};
		116F62072543A98A008F487B /* Products */ = {
			isa = PBXGroup;
			children = (
				116F62062543A98A008F487B /* Instagram-MVVM.app */,
			);
			name = Products;
			sourceTree = "<group>";
		};
		116F62082543A98A008F487B /* Instagram-MVVM */ = {
			isa = PBXGroup;
			children = (
				116F621E2543A999008F487B /* Model */,
				116F62202543A9A3008F487B /* View */,
				116F62212543A9AC008F487B /* ViewModel */,
				116F621F2543A99D008F487B /* Controller */,
				116F62232543A9D6008F487B /* API */,
				116F62222543A9B1008F487B /* Utils */,
				116F62092543A98A008F487B /* AppDelegate.swift */,
				116F620B2543A98A008F487B /* SceneDelegate.swift */,
				116F620D2543A98A008F487B /* ViewController.swift */,
				116F620F2543A98A008F487B /* Main.storyboard */,
				116F62122543A98C008F487B /* Assets.xcassets */,
				116F62142543A98C008F487B /* LaunchScreen.storyboard */,
				116F62172543A98C008F487B /* Info.plist */,
				11994A68254BA9EB002C26A6 /* GoogleService-Info.plist */,
			);
			path = "Instagram-MVVM";
			sourceTree = "<group>";
		};
		116F621E2543A999008F487B /* Model */ = {
			isa = PBXGroup;
			children = (
				11C23D79254CFED000F90700 /* User.swift */,
			);
			path = Model;
			sourceTree = "<group>";
		};
		116F621F2543A99D008F487B /* Controller */ = {
			isa = PBXGroup;
			children = (
				110D815E2546917B00ABF35B /* Authentication */,
				116F62252543AA5B008F487B /* MainTabController.swift */,
				116F62292543AB6A008F487B /* FeedController.swift */,
				116F622C2543AB70008F487B /* SearchController.swift */,
				116F622F2543AB7A008F487B /* ImageSelectorController.swift */,
				116F62322543AB86008F487B /* NotificationsController.swift */,
				116F62352543AB8F008F487B /* ProfileController.swift */,
			);
			path = Controller;
			sourceTree = "<group>";
		};
		116F62202543A9A3008F487B /* View */ = {
			isa = PBXGroup;
			children = (
				11994A9B254BBDF1002C26A6 /* Profile */,
				116F62382543D040008F487B /* FeedCell.swift */,
				118E6461254910D30070DA03 /* CustomTextField.swift */,
			);
			path = View;
			sourceTree = "<group>";
		};
		116F62212543A9AC008F487B /* ViewModel */ = {
			isa = PBXGroup;
			children = (
				118E64672549362A0070DA03 /* AuthenticationViewModel.swift */,
				11C23D7C254D02BE00F90700 /* ProfileHeaderViewModel.swift */,
			);
			path = ViewModel;
			sourceTree = "<group>";
		};
		116F62222543A9B1008F487B /* Utils */ = {
			isa = PBXGroup;
			children = (
				110D81672546940F00ABF35B /* Extensions.swift */,
				11C23D76254CFD6500F90700 /* Constants.swift */,
			);
			path = Utils;
			sourceTree = "<group>";
		};
		116F62232543A9D6008F487B /* API */ = {
			isa = PBXGroup;
			children = (
				11994A8F254BAD32002C26A6 /* ImageUploader.swift */,
				11994A92254BAD3A002C26A6 /* AuthService.swift */,
				11C23D73254CFD3600F90700 /* UserService.swift */,
			);
			path = API;
			sourceTree = "<group>";
		};
		11994A9B254BBDF1002C26A6 /* Profile */ = {
			isa = PBXGroup;
			children = (
				11994A95254BBDE6002C26A6 /* ProfileCell.swift */,
				11994A98254BBDEF002C26A6 /* ProfileHeader.swift */,
			);
			path = Profile;
			sourceTree = "<group>";
		};
		5FC7E85333CA150E1D559518 /* Pods */ = {
			isa = PBXGroup;
			children = (
				F640FCD4E3AC3B9F02A138E7 /* Pods-Instagram-MVVM.debug.xcconfig */,
				86BA7882F3585CB04A63CF05 /* Pods-Instagram-MVVM.release.xcconfig */,
			);
			path = Pods;
			sourceTree = "<group>";
		};
		F6D8BB1E970A0A897422E1B3 /* Frameworks */ = {
			isa = PBXGroup;
			children = (
				81D73EFBCE6A62A724CC46B0 /* Pods_Instagram_MVVM.framework */,
			);
			name = Frameworks;
			sourceTree = "<group>";
		};
/* End PBXGroup section */

/* Begin PBXNativeTarget section */
		116F62052543A98A008F487B /* Instagram-MVVM */ = {
			isa = PBXNativeTarget;
			buildConfigurationList = 116F621A2543A98C008F487B /* Build configuration list for PBXNativeTarget "Instagram-MVVM" */;
			buildPhases = (
				34762A917C55284BCF0EF9D1 /* [CP] Check Pods Manifest.lock */,
				116F62022543A98A008F487B /* Sources */,
				116F62032543A98A008F487B /* Frameworks */,
				116F62042543A98A008F487B /* Resources */,
				3B6132115CB0FF1FBC3C7A83 /* [CP] Embed Pods Frameworks */,
			);
			buildRules = (
			);
			dependencies = (
			);
			name = "Instagram-MVVM";
			productName = "Instagram-MVVM";
			productReference = 116F62062543A98A008F487B /* Instagram-MVVM.app */;
			productType = "com.apple.product-type.application";
		};
/* End PBXNativeTarget section */

/* Begin PBXProject section */
		116F61FE2543A98A008F487B /* Project object */ = {
			isa = PBXProject;
			attributes = {
				LastSwiftUpdateCheck = 1210;
				LastUpgradeCheck = 1210;
				TargetAttributes = {
					116F62052543A98A008F487B = {
						CreatedOnToolsVersion = 12.1;
					};
				};
			};
			buildConfigurationList = 116F62012543A98A008F487B /* Build configuration list for PBXProject "Instagram-MVVM" */;
			compatibilityVersion = "Xcode 9.3";
			developmentRegion = en;
			hasScannedForEncodings = 0;
			knownRegions = (
				en,
				Base,
			);
			mainGroup = 116F61FD2543A98A008F487B;
			productRefGroup = 116F62072543A98A008F487B /* Products */;
			projectDirPath = "";
			projectRoot = "";
			targets = (
				116F62052543A98A008F487B /* Instagram-MVVM */,
			);
		};
/* End PBXProject section */

/* Begin PBXResourcesBuildPhase section */
		116F62042543A98A008F487B /* Resources */ = {
			isa = PBXResourcesBuildPhase;
			buildActionMask = 2147483647;
			files = (
				116F62162543A98C008F487B /* LaunchScreen.storyboard in Resources */,
				11994A69254BA9EB002C26A6 /* GoogleService-Info.plist in Resources */,
				116F62132543A98C008F487B /* Assets.xcassets in Resources */,
				116F62112543A98A008F487B /* Main.storyboard in Resources */,
			);
			runOnlyForDeploymentPostprocessing = 0;
		};
/* End PBXResourcesBuildPhase section */

/* Begin PBXShellScriptBuildPhase section */
		34762A917C55284BCF0EF9D1 /* [CP] Check Pods Manifest.lock */ = {
			isa = PBXShellScriptBuildPhase;
			buildActionMask = 2147483647;
			files = (
			);
			inputFileListPaths = (
			);
			inputPaths = (
				"${PODS_PODFILE_DIR_PATH}/Podfile.lock",
				"${PODS_ROOT}/Manifest.lock",
			);
			name = "[CP] Check Pods Manifest.lock";
			outputFileListPaths = (
			);
			outputPaths = (
				"$(DERIVED_FILE_DIR)/Pods-Instagram-MVVM-checkManifestLockResult.txt",
			);
			runOnlyForDeploymentPostprocessing = 0;
			shellPath = /bin/sh;
			shellScript = "diff \"${PODS_PODFILE_DIR_PATH}/Podfile.lock\" \"${PODS_ROOT}/Manifest.lock\" > /dev/null\nif [ $? != 0 ] ; then\n    # print error to STDERR\n    echo \"error: The sandbox is not in sync with the Podfile.lock. Run 'pod install' or update your CocoaPods installation.\" >&2\n    exit 1\nfi\n# This output is used by Xcode 'outputs' to avoid re-running this script phase.\necho \"SUCCESS\" > \"${SCRIPT_OUTPUT_FILE_0}\"\n";
			showEnvVarsInLog = 0;
		};
		3B6132115CB0FF1FBC3C7A83 /* [CP] Embed Pods Frameworks */ = {
			isa = PBXShellScriptBuildPhase;
			buildActionMask = 2147483647;
			files = (
			);
			inputFileListPaths = (
				"${PODS_ROOT}/Target Support Files/Pods-Instagram-MVVM/Pods-Instagram-MVVM-frameworks-${CONFIGURATION}-input-files.xcfilelist",
			);
			name = "[CP] Embed Pods Frameworks";
			outputFileListPaths = (
				"${PODS_ROOT}/Target Support Files/Pods-Instagram-MVVM/Pods-Instagram-MVVM-frameworks-${CONFIGURATION}-output-files.xcfilelist",
			);
			runOnlyForDeploymentPostprocessing = 0;
			shellPath = /bin/sh;
			shellScript = "\"${PODS_ROOT}/Target Support Files/Pods-Instagram-MVVM/Pods-Instagram-MVVM-frameworks.sh\"\n";
			showEnvVarsInLog = 0;
		};
/* End PBXShellScriptBuildPhase section */

/* Begin PBXSourcesBuildPhase section */
		116F62022543A98A008F487B /* Sources */ = {
			isa = PBXSourcesBuildPhase;
			buildActionMask = 2147483647;
			files = (
				118E6462254910D30070DA03 /* CustomTextField.swift in Sources */,
				11994A99254BBDEF002C26A6 /* ProfileHeader.swift in Sources */,
				116F620E2543A98A008F487B /* ViewController.swift in Sources */,
				110D81602546918A00ABF35B /* LoginController.swift in Sources */,
				110D81682546940F00ABF35B /* Extensions.swift in Sources */,
				116F62392543D040008F487B /* FeedCell.swift in Sources */,
				116F62302543AB7A008F487B /* ImageSelectorController.swift in Sources */,
				118E64682549362A0070DA03 /* AuthenticationViewModel.swift in Sources */,
				116F622D2543AB70008F487B /* SearchController.swift in Sources */,
				116F620A2543A98A008F487B /* AppDelegate.swift in Sources */,
				11C23D7A254CFED000F90700 /* User.swift in Sources */,
				116F622A2543AB6A008F487B /* FeedController.swift in Sources */,
				11C23D7D254D02BE00F90700 /* ProfileHeaderViewModel.swift in Sources */,
				11C23D77254CFD6500F90700 /* Constants.swift in Sources */,
				116F62362543AB8F008F487B /* ProfileController.swift in Sources */,
				116F62262543AA5B008F487B /* MainTabController.swift in Sources */,
				116F62332543AB86008F487B /* NotificationsController.swift in Sources */,
				11994A90254BAD32002C26A6 /* ImageUploader.swift in Sources */,
				11994A93254BAD3A002C26A6 /* AuthService.swift in Sources */,
				11C23D74254CFD3600F90700 /* UserService.swift in Sources */,
				11994A96254BBDE6002C26A6 /* ProfileCell.swift in Sources */,
				116F620C2543A98A008F487B /* SceneDelegate.swift in Sources */,
				110D81652546919700ABF35B /* RegistrationController.swift in Sources */,
			);
			runOnlyForDeploymentPostprocessing = 0;
		};
/* End PBXSourcesBuildPhase section */

/* Begin PBXVariantGroup section */
		116F620F2543A98A008F487B /* Main.storyboard */ = {
			isa = PBXVariantGroup;
			children = (
				116F62102543A98A008F487B /* Base */,
			);
			name = Main.storyboard;
			sourceTree = "<group>";
		};
		116F62142543A98C008F487B /* LaunchScreen.storyboard */ = {
			isa = PBXVariantGroup;
			children = (
				116F62152543A98C008F487B /* Base */,
			);
			name = LaunchScreen.storyboard;
			sourceTree = "<group>";
		};
/* End PBXVariantGroup section */

/* Begin XCBuildConfiguration section */
		116F62182543A98C008F487B /* Debug */ = {
			isa = XCBuildConfiguration;
			buildSettings = {
				ALWAYS_SEARCH_USER_PATHS = NO;
				CLANG_ANALYZER_NONNULL = YES;
				CLANG_ANALYZER_NUMBER_OBJECT_CONVERSION = YES_AGGRESSIVE;
				CLANG_CXX_LANGUAGE_STANDARD = "gnu++14";
				CLANG_CXX_LIBRARY = "libc++";
				CLANG_ENABLE_MODULES = YES;
				CLANG_ENABLE_OBJC_ARC = YES;
				CLANG_ENABLE_OBJC_WEAK = YES;
				CLANG_WARN_BLOCK_CAPTURE_AUTORELEASING = YES;
				CLANG_WARN_BOOL_CONVERSION = YES;
				CLANG_WARN_COMMA = YES;
				CLANG_WARN_CONSTANT_CONVERSION = YES;
				CLANG_WARN_DEPRECATED_OBJC_IMPLEMENTATIONS = YES;
				CLANG_WARN_DIRECT_OBJC_ISA_USAGE = YES_ERROR;
				CLANG_WARN_DOCUMENTATION_COMMENTS = YES;
				CLANG_WARN_EMPTY_BODY = YES;
				CLANG_WARN_ENUM_CONVERSION = YES;
				CLANG_WARN_INFINITE_RECURSION = YES;
				CLANG_WARN_INT_CONVERSION = YES;
				CLANG_WARN_NON_LITERAL_NULL_CONVERSION = YES;
				CLANG_WARN_OBJC_IMPLICIT_RETAIN_SELF = YES;
				CLANG_WARN_OBJC_LITERAL_CONVERSION = YES;
				CLANG_WARN_OBJC_ROOT_CLASS = YES_ERROR;
				CLANG_WARN_QUOTED_INCLUDE_IN_FRAMEWORK_HEADER = YES;
				CLANG_WARN_RANGE_LOOP_ANALYSIS = YES;
				CLANG_WARN_STRICT_PROTOTYPES = YES;
				CLANG_WARN_SUSPICIOUS_MOVE = YES;
				CLANG_WARN_UNGUARDED_AVAILABILITY = YES_AGGRESSIVE;
				CLANG_WARN_UNREACHABLE_CODE = YES;
				CLANG_WARN__DUPLICATE_METHOD_MATCH = YES;
				COPY_PHASE_STRIP = NO;
				DEBUG_INFORMATION_FORMAT = dwarf;
				ENABLE_STRICT_OBJC_MSGSEND = YES;
				ENABLE_TESTABILITY = YES;
				GCC_C_LANGUAGE_STANDARD = gnu11;
				GCC_DYNAMIC_NO_PIC = NO;
				GCC_NO_COMMON_BLOCKS = YES;
				GCC_OPTIMIZATION_LEVEL = 0;
				GCC_PREPROCESSOR_DEFINITIONS = (
					"DEBUG=1",
					"$(inherited)",
				);
				GCC_WARN_64_TO_32_BIT_CONVERSION = YES;
				GCC_WARN_ABOUT_RETURN_TYPE = YES_ERROR;
				GCC_WARN_UNDECLARED_SELECTOR = YES;
				GCC_WARN_UNINITIALIZED_AUTOS = YES_AGGRESSIVE;
				GCC_WARN_UNUSED_FUNCTION = YES;
				GCC_WARN_UNUSED_VARIABLE = YES;
				IPHONEOS_DEPLOYMENT_TARGET = 14.1;
				MTL_ENABLE_DEBUG_INFO = INCLUDE_SOURCE;
				MTL_FAST_MATH = YES;
				ONLY_ACTIVE_ARCH = YES;
				SDKROOT = iphoneos;
				SWIFT_ACTIVE_COMPILATION_CONDITIONS = DEBUG;
				SWIFT_OPTIMIZATION_LEVEL = "-Onone";
			};
			name = Debug;
		};
		116F62192543A98C008F487B /* Release */ = {
			isa = XCBuildConfiguration;
			buildSettings = {
				ALWAYS_SEARCH_USER_PATHS = NO;
				CLANG_ANALYZER_NONNULL = YES;
				CLANG_ANALYZER_NUMBER_OBJECT_CONVERSION = YES_AGGRESSIVE;
				CLANG_CXX_LANGUAGE_STANDARD = "gnu++14";
				CLANG_CXX_LIBRARY = "libc++";
				CLANG_ENABLE_MODULES = YES;
				CLANG_ENABLE_OBJC_ARC = YES;
				CLANG_ENABLE_OBJC_WEAK = YES;
				CLANG_WARN_BLOCK_CAPTURE_AUTORELEASING = YES;
				CLANG_WARN_BOOL_CONVERSION = YES;
				CLANG_WARN_COMMA = YES;
				CLANG_WARN_CONSTANT_CONVERSION = YES;
				CLANG_WARN_DEPRECATED_OBJC_IMPLEMENTATIONS = YES;
				CLANG_WARN_DIRECT_OBJC_ISA_USAGE = YES_ERROR;
				CLANG_WARN_DOCUMENTATION_COMMENTS = YES;
				CLANG_WARN_EMPTY_BODY = YES;
				CLANG_WARN_ENUM_CONVERSION = YES;
				CLANG_WARN_INFINITE_RECURSION = YES;
				CLANG_WARN_INT_CONVERSION = YES;
				CLANG_WARN_NON_LITERAL_NULL_CONVERSION = YES;
				CLANG_WARN_OBJC_IMPLICIT_RETAIN_SELF = YES;
				CLANG_WARN_OBJC_LITERAL_CONVERSION = YES;
				CLANG_WARN_OBJC_ROOT_CLASS = YES_ERROR;
				CLANG_WARN_QUOTED_INCLUDE_IN_FRAMEWORK_HEADER = YES;
				CLANG_WARN_RANGE_LOOP_ANALYSIS = YES;
				CLANG_WARN_STRICT_PROTOTYPES = YES;
				CLANG_WARN_SUSPICIOUS_MOVE = YES;
				CLANG_WARN_UNGUARDED_AVAILABILITY = YES_AGGRESSIVE;
				CLANG_WARN_UNREACHABLE_CODE = YES;
				CLANG_WARN__DUPLICATE_METHOD_MATCH = YES;
				COPY_PHASE_STRIP = NO;
				DEBUG_INFORMATION_FORMAT = "dwarf-with-dsym";
				ENABLE_NS_ASSERTIONS = NO;
				ENABLE_STRICT_OBJC_MSGSEND = YES;
				GCC_C_LANGUAGE_STANDARD = gnu11;
				GCC_NO_COMMON_BLOCKS = YES;
				GCC_WARN_64_TO_32_BIT_CONVERSION = YES;
				GCC_WARN_ABOUT_RETURN_TYPE = YES_ERROR;
				GCC_WARN_UNDECLARED_SELECTOR = YES;
				GCC_WARN_UNINITIALIZED_AUTOS = YES_AGGRESSIVE;
				GCC_WARN_UNUSED_FUNCTION = YES;
				GCC_WARN_UNUSED_VARIABLE = YES;
				IPHONEOS_DEPLOYMENT_TARGET = 14.1;
				MTL_ENABLE_DEBUG_INFO = NO;
				MTL_FAST_MATH = YES;
				SDKROOT = iphoneos;
				SWIFT_COMPILATION_MODE = wholemodule;
				SWIFT_OPTIMIZATION_LEVEL = "-O";
				VALIDATE_PRODUCT = YES;
			};
			name = Release;
		};
		116F621B2543A98C008F487B /* Debug */ = {
			isa = XCBuildConfiguration;
			baseConfigurationReference = F640FCD4E3AC3B9F02A138E7 /* Pods-Instagram-MVVM.debug.xcconfig */;
			buildSettings = {
				ASSETCATALOG_COMPILER_APPICON_NAME = AppIcon;
				ASSETCATALOG_COMPILER_GLOBAL_ACCENT_COLOR_NAME = AccentColor;
				CODE_SIGN_STYLE = Automatic;
				DEVELOPMENT_TEAM = N8Z6DLFKLR;
				INFOPLIST_FILE = "Instagram-MVVM/Info.plist";
				LD_RUNPATH_SEARCH_PATHS = (
					"$(inherited)",
					"@executable_path/Frameworks",
				);
				PRODUCT_BUNDLE_IDENTIFIER = "com.stanleytraub.Instagram-MVVM";
				PRODUCT_NAME = "$(TARGET_NAME)";
				SWIFT_VERSION = 5.0;
				TARGETED_DEVICE_FAMILY = "1,2";
			};
			name = Debug;
		};
		116F621C2543A98C008F487B /* Release */ = {
			isa = XCBuildConfiguration;
			baseConfigurationReference = 86BA7882F3585CB04A63CF05 /* Pods-Instagram-MVVM.release.xcconfig */;
			buildSettings = {
				ASSETCATALOG_COMPILER_APPICON_NAME = AppIcon;
				ASSETCATALOG_COMPILER_GLOBAL_ACCENT_COLOR_NAME = AccentColor;
				CODE_SIGN_STYLE = Automatic;
				DEVELOPMENT_TEAM = N8Z6DLFKLR;
				INFOPLIST_FILE = "Instagram-MVVM/Info.plist";
				LD_RUNPATH_SEARCH_PATHS = (
					"$(inherited)",
					"@executable_path/Frameworks",
				);
				PRODUCT_BUNDLE_IDENTIFIER = "com.stanleytraub.Instagram-MVVM";
				PRODUCT_NAME = "$(TARGET_NAME)";
				SWIFT_VERSION = 5.0;
				TARGETED_DEVICE_FAMILY = "1,2";
			};
			name = Release;
		};
/* End XCBuildConfiguration section */

/* Begin XCConfigurationList section */
		116F62012543A98A008F487B /* Build configuration list for PBXProject "Instagram-MVVM" */ = {
			isa = XCConfigurationList;
			buildConfigurations = (
				116F62182543A98C008F487B /* Debug */,
				116F62192543A98C008F487B /* Release */,
			);
			defaultConfigurationIsVisible = 0;
			defaultConfigurationName = Release;
		};
		116F621A2543A98C008F487B /* Build configuration list for PBXNativeTarget "Instagram-MVVM" */ = {
			isa = XCConfigurationList;
			buildConfigurations = (
				116F621B2543A98C008F487B /* Debug */,
				116F621C2543A98C008F487B /* Release */,
			);
			defaultConfigurationIsVisible = 0;
			defaultConfigurationName = Release;
		};
/* End XCConfigurationList section */
	};
	rootObject = 116F61FE2543A98A008F487B /* Project object */;
}
